
Microsoft Visual Studio Solution File, Format Version 12.00
# Visual Studio Version 16
VisualStudioVersion = 16.0.30503.244
MinimumVisualStudioVersion = 10.0.40219.1
Project("{FAE04EC0-301F-11D3-BF4B-00C04F79EFBC}") = "EntityFramework", "EntityFramework.csproj", "{0D33F480-A5E3-4AB7-8429-953A3FD04F4A}"
EndProject
Global
	GlobalSection(SolutionConfigurationPlatforms) = preSolution
		Debug|Any CPU = Debug|Any CPU
		Release|Any CPU = Release|Any CPU
	EndGlobalSection
	GlobalSection(ProjectConfigurationPlatforms) = postSolution
		{0D33F480-A5E3-4AB7-8429-953A3FD04F4A}.Debug|Any CPU.ActiveCfg = Debug|Any CPU
		{0D33F480-A5E3-4AB7-8429-953A3FD04F4A}.Debug|Any CPU.Build.0 = Debug|Any CPU
		{0D33F480-A5E3-4AB7-8429-953A3FD04F4A}.Release|Any CPU.ActiveCfg = Release|Any CPU
		{0D33F480-A5E3-4AB7-8429-953A3FD04F4A}.Release|Any CPU.Build.0 = Release|Any CPU
	EndGlobalSection
	GlobalSection(SolutionProperties) = preSolution
		HideSolutionNode = FALSE
	EndGlobalSection
	GlobalSection(ExtensibilityGlobals) = postSolution
		SolutionGuid = {9967A916-1372-4F2C-BA74-A98D14B56A5E}
	EndGlobalSection
EndGlobal
