
Microsoft Visual Studio Solution File, Format Version 12.00
# Visual Studio Version 16
VisualStudioVersion = 16.0.30503.244
MinimumVisualStudioVersion = 10.0.40219.1
Project("{FAE04EC0-301F-11D3-BF4B-00C04F79EFBC}") = "EmployeeManagement", "EmployeeManagement.csproj", "{9BC52173-5E4A-4FE4-82E9-B7ED2EA2474A}"
EndProject
Global
	GlobalSection(SolutionConfigurationPlatforms) = preSolution
		Debug|Any CPU = Debug|Any CPU
		Release|Any CPU = Release|Any CPU
	EndGlobalSection
	GlobalSection(ProjectConfigurationPlatforms) = postSolution
		{9BC52173-5E4A-4FE4-82E9-B7ED2EA2474A}.Debug|Any CPU.ActiveCfg = Debug|Any CPU
		{9BC52173-5E4A-4FE4-82E9-B7ED2EA2474A}.Debug|Any CPU.Build.0 = Debug|Any CPU
		{9BC52173-5E4A-4FE4-82E9-B7ED2EA2474A}.Release|Any CPU.ActiveCfg = Release|Any CPU
		{9BC52173-5E4A-4FE4-82E9-B7ED2EA2474A}.Release|Any CPU.Build.0 = Release|Any CPU
	EndGlobalSection
	GlobalSection(SolutionProperties) = preSolution
		HideSolutionNode = FALSE
	EndGlobalSection
	GlobalSection(ExtensibilityGlobals) = postSolution
		SolutionGuid = {8AB8F9B7-428F-4B2D-8E16-2A3C5F8B55B2}
	EndGlobalSection
EndGlobal
